
Microsoft Visual Studio Solution File, Format Version 12.00
# Visual Studio 15
VisualStudioVersion = 15.0.28010.2036
MinimumVisualStudioVersion = 10.0.40219.1
Project("{9A19103F-16F7-4668-BE54-9A1E7A4F7556}") = "WebApplicationDocker", "WebApplicationDocker\WebApplicationDocker.csproj", "{F4BAB7CD-B94D-4299-9792-C764F66BBF9D}"
EndProject
Project("{E53339B2-1760-4266-BCC7-CA923CBCF16C}") = "docker-compose", "docker-compose.dcproj", "{0ADFAB20-E752-4A2D-98FF-3D65F49E0278}"
EndProject
Global
	GlobalSection(SolutionConfigurationPlatforms) = preSolution
		Debug|Any CPU = Debug|Any CPU
		Release|Any CPU = Release|Any CPU
	EndGlobalSection
	GlobalSection(ProjectConfigurationPlatforms) = postSolution
		{F4BAB7CD-B94D-4299-9792-C764F66BBF9D}.Debug|Any CPU.ActiveCfg = Debug|Any CPU
		{F4BAB7CD-B94D-4299-9792-C764F66BBF9D}.Debug|Any CPU.Build.0 = Debug|Any CPU
		{F4BAB7CD-B94D-4299-9792-C764F66BBF9D}.Release|Any CPU.ActiveCfg = Release|Any CPU
		{F4BAB7CD-B94D-4299-9792-C764F66BBF9D}.Release|Any CPU.Build.0 = Release|Any CPU
		{0ADFAB20-E752-4A2D-98FF-3D65F49E0278}.Debug|Any CPU.ActiveCfg = Debug|Any CPU
		{0ADFAB20-E752-4A2D-98FF-3D65F49E0278}.Debug|Any CPU.Build.0 = Debug|Any CPU
		{0ADFAB20-E752-4A2D-98FF-3D65F49E0278}.Release|Any CPU.ActiveCfg = Release|Any CPU
		{0ADFAB20-E752-4A2D-98FF-3D65F49E0278}.Release|Any CPU.Build.0 = Release|Any CPU
	EndGlobalSection
	GlobalSection(SolutionProperties) = preSolution
		HideSolutionNode = FALSE
	EndGlobalSection
	GlobalSection(ExtensibilityGlobals) = postSolution
		SolutionGuid = {4875D003-E877-43D0-9F6A-C37DDEE2B9FC}
	EndGlobalSection
EndGlobal
