
Microsoft Visual Studio Solution File, Format Version 12.00
# Visual Studio 15
VisualStudioVersion = 15.0.26124.0
MinimumVisualStudioVersion = 15.0.26124.0
Project("{FAE04EC0-301F-11D3-BF4B-00C04F79EFBC}") = "AdminConsole", "AdminConsole\AdminConsole.csproj", "{417807F4-C6F1-4AD7-9028-94753233AFCD}"
EndProject
Project("{FAE04EC0-301F-11D3-BF4B-00C04F79EFBC}") = "AdminWebApi", "AdminWebApi\AdminWebApi.csproj", "{59DF9CB6-3A44-400F-B453-34DDF2E29DEE}"
EndProject
Project("{FAE04EC0-301F-11D3-BF4B-00C04F79EFBC}") = "Domain", "Domain\Domain.csproj", "{015D09B4-08C6-4D90-A8C0-BA3966B221E5}"
EndProject
Project("{FAE04EC0-301F-11D3-BF4B-00C04F79EFBC}") = "Tests", "Tests\Tests.csproj", "{B2510D03-0FFC-4B32-9068-B8F543F56584}"
EndProject
Global
	GlobalSection(SolutionConfigurationPlatforms) = preSolution
		Debug|Any CPU = Debug|Any CPU
		Debug|x64 = Debug|x64
		Debug|x86 = Debug|x86
		Release|Any CPU = Release|Any CPU
		Release|x64 = Release|x64
		Release|x86 = Release|x86
	EndGlobalSection
	GlobalSection(SolutionProperties) = preSolution
		HideSolutionNode = FALSE
	EndGlobalSection
	GlobalSection(ProjectConfigurationPlatforms) = postSolution
		{417807F4-C6F1-4AD7-9028-94753233AFCD}.Debug|Any CPU.ActiveCfg = Debug|Any CPU
		{417807F4-C6F1-4AD7-9028-94753233AFCD}.Debug|Any CPU.Build.0 = Debug|Any CPU
		{417807F4-C6F1-4AD7-9028-94753233AFCD}.Debug|x64.ActiveCfg = Debug|Any CPU
		{417807F4-C6F1-4AD7-9028-94753233AFCD}.Debug|x64.Build.0 = Debug|Any CPU
		{417807F4-C6F1-4AD7-9028-94753233AFCD}.Debug|x86.ActiveCfg = Debug|Any CPU
		{417807F4-C6F1-4AD7-9028-94753233AFCD}.Debug|x86.Build.0 = Debug|Any CPU
		{417807F4-C6F1-4AD7-9028-94753233AFCD}.Release|Any CPU.ActiveCfg = Release|Any CPU
		{417807F4-C6F1-4AD7-9028-94753233AFCD}.Release|Any CPU.Build.0 = Release|Any CPU
		{417807F4-C6F1-4AD7-9028-94753233AFCD}.Release|x64.ActiveCfg = Release|Any CPU
		{417807F4-C6F1-4AD7-9028-94753233AFCD}.Release|x64.Build.0 = Release|Any CPU
		{417807F4-C6F1-4AD7-9028-94753233AFCD}.Release|x86.ActiveCfg = Release|Any CPU
		{417807F4-C6F1-4AD7-9028-94753233AFCD}.Release|x86.Build.0 = Release|Any CPU
		{59DF9CB6-3A44-400F-B453-34DDF2E29DEE}.Debug|Any CPU.ActiveCfg = Debug|Any CPU
		{59DF9CB6-3A44-400F-B453-34DDF2E29DEE}.Debug|Any CPU.Build.0 = Debug|Any CPU
		{59DF9CB6-3A44-400F-B453-34DDF2E29DEE}.Debug|x64.ActiveCfg = Debug|Any CPU
		{59DF9CB6-3A44-400F-B453-34DDF2E29DEE}.Debug|x64.Build.0 = Debug|Any CPU
		{59DF9CB6-3A44-400F-B453-34DDF2E29DEE}.Debug|x86.ActiveCfg = Debug|Any CPU
		{59DF9CB6-3A44-400F-B453-34DDF2E29DEE}.Debug|x86.Build.0 = Debug|Any CPU
		{59DF9CB6-3A44-400F-B453-34DDF2E29DEE}.Release|Any CPU.ActiveCfg = Release|Any CPU
		{59DF9CB6-3A44-400F-B453-34DDF2E29DEE}.Release|Any CPU.Build.0 = Release|Any CPU
		{59DF9CB6-3A44-400F-B453-34DDF2E29DEE}.Release|x64.ActiveCfg = Release|Any CPU
		{59DF9CB6-3A44-400F-B453-34DDF2E29DEE}.Release|x64.Build.0 = Release|Any CPU
		{59DF9CB6-3A44-400F-B453-34DDF2E29DEE}.Release|x86.ActiveCfg = Release|Any CPU
		{59DF9CB6-3A44-400F-B453-34DDF2E29DEE}.Release|x86.Build.0 = Release|Any CPU
		{015D09B4-08C6-4D90-A8C0-BA3966B221E5}.Debug|Any CPU.ActiveCfg = Debug|Any CPU
		{015D09B4-08C6-4D90-A8C0-BA3966B221E5}.Debug|Any CPU.Build.0 = Debug|Any CPU
		{015D09B4-08C6-4D90-A8C0-BA3966B221E5}.Debug|x64.ActiveCfg = Debug|Any CPU
		{015D09B4-08C6-4D90-A8C0-BA3966B221E5}.Debug|x64.Build.0 = Debug|Any CPU
		{015D09B4-08C6-4D90-A8C0-BA3966B221E5}.Debug|x86.ActiveCfg = Debug|Any CPU
		{015D09B4-08C6-4D90-A8C0-BA3966B221E5}.Debug|x86.Build.0 = Debug|Any CPU
		{015D09B4-08C6-4D90-A8C0-BA3966B221E5}.Release|Any CPU.ActiveCfg = Release|Any CPU
		{015D09B4-08C6-4D90-A8C0-BA3966B221E5}.Release|Any CPU.Build.0 = Release|Any CPU
		{015D09B4-08C6-4D90-A8C0-BA3966B221E5}.Release|x64.ActiveCfg = Release|Any CPU
		{015D09B4-08C6-4D90-A8C0-BA3966B221E5}.Release|x64.Build.0 = Release|Any CPU
		{015D09B4-08C6-4D90-A8C0-BA3966B221E5}.Release|x86.ActiveCfg = Release|Any CPU
		{015D09B4-08C6-4D90-A8C0-BA3966B221E5}.Release|x86.Build.0 = Release|Any CPU
		{B2510D03-0FFC-4B32-9068-B8F543F56584}.Debug|Any CPU.ActiveCfg = Debug|Any CPU
		{B2510D03-0FFC-4B32-9068-B8F543F56584}.Debug|Any CPU.Build.0 = Debug|Any CPU
		{B2510D03-0FFC-4B32-9068-B8F543F56584}.Debug|x64.ActiveCfg = Debug|Any CPU
		{B2510D03-0FFC-4B32-9068-B8F543F56584}.Debug|x64.Build.0 = Debug|Any CPU
		{B2510D03-0FFC-4B32-9068-B8F543F56584}.Debug|x86.ActiveCfg = Debug|Any CPU
		{B2510D03-0FFC-4B32-9068-B8F543F56584}.Debug|x86.Build.0 = Debug|Any CPU
		{B2510D03-0FFC-4B32-9068-B8F543F56584}.Release|Any CPU.ActiveCfg = Release|Any CPU
		{B2510D03-0FFC-4B32-9068-B8F543F56584}.Release|Any CPU.Build.0 = Release|Any CPU
		{B2510D03-0FFC-4B32-9068-B8F543F56584}.Release|x64.ActiveCfg = Release|Any CPU
		{B2510D03-0FFC-4B32-9068-B8F543F56584}.Release|x64.Build.0 = Release|Any CPU
		{B2510D03-0FFC-4B32-9068-B8F543F56584}.Release|x86.ActiveCfg = Release|Any CPU
		{B2510D03-0FFC-4B32-9068-B8F543F56584}.Release|x86.Build.0 = Release|Any CPU
	EndGlobalSection
EndGlobal
