
Microsoft Visual Studio Solution File, Format Version 12.00
# Visual Studio 15
VisualStudioVersion = 15.0.26124.0
MinimumVisualStudioVersion = 15.0.26124.0
Project("{9A19103F-16F7-4668-BE54-9A1E7A4F7556}") = "RedisWeb", "RedisWeb\RedisWeb.csproj", "{654D9A5F-6EC0-4842-BA1C-156A20539946}"
EndProject
Project("{FAE04EC0-301F-11D3-BF4B-00C04F79EFBC}") = "ConsoleElastic", "ConsoleElastic\ConsoleElastic.csproj", "{B730DB04-16C8-475F-8801-4B7054E3F853}"
EndProject
Global
	GlobalSection(SolutionConfigurationPlatforms) = preSolution
		Debug|Any CPU = Debug|Any CPU
		Debug|x64 = Debug|x64
		Debug|x86 = Debug|x86
		Release|Any CPU = Release|Any CPU
		Release|x64 = Release|x64
		Release|x86 = Release|x86
	EndGlobalSection
	GlobalSection(ProjectConfigurationPlatforms) = postSolution
		{654D9A5F-6EC0-4842-BA1C-156A20539946}.Debug|Any CPU.ActiveCfg = Debug|Any CPU
		{654D9A5F-6EC0-4842-BA1C-156A20539946}.Debug|Any CPU.Build.0 = Debug|Any CPU
		{654D9A5F-6EC0-4842-BA1C-156A20539946}.Debug|x64.ActiveCfg = Debug|Any CPU
		{654D9A5F-6EC0-4842-BA1C-156A20539946}.Debug|x64.Build.0 = Debug|Any CPU
		{654D9A5F-6EC0-4842-BA1C-156A20539946}.Debug|x86.ActiveCfg = Debug|Any CPU
		{654D9A5F-6EC0-4842-BA1C-156A20539946}.Debug|x86.Build.0 = Debug|Any CPU
		{654D9A5F-6EC0-4842-BA1C-156A20539946}.Release|Any CPU.ActiveCfg = Release|Any CPU
		{654D9A5F-6EC0-4842-BA1C-156A20539946}.Release|Any CPU.Build.0 = Release|Any CPU
		{654D9A5F-6EC0-4842-BA1C-156A20539946}.Release|x64.ActiveCfg = Release|Any CPU
		{654D9A5F-6EC0-4842-BA1C-156A20539946}.Release|x64.Build.0 = Release|Any CPU
		{654D9A5F-6EC0-4842-BA1C-156A20539946}.Release|x86.ActiveCfg = Release|Any CPU
		{654D9A5F-6EC0-4842-BA1C-156A20539946}.Release|x86.Build.0 = Release|Any CPU
		{B730DB04-16C8-475F-8801-4B7054E3F853}.Debug|Any CPU.ActiveCfg = Debug|Any CPU
		{B730DB04-16C8-475F-8801-4B7054E3F853}.Debug|Any CPU.Build.0 = Debug|Any CPU
		{B730DB04-16C8-475F-8801-4B7054E3F853}.Debug|x64.ActiveCfg = Debug|Any CPU
		{B730DB04-16C8-475F-8801-4B7054E3F853}.Debug|x64.Build.0 = Debug|Any CPU
		{B730DB04-16C8-475F-8801-4B7054E3F853}.Debug|x86.ActiveCfg = Debug|Any CPU
		{B730DB04-16C8-475F-8801-4B7054E3F853}.Debug|x86.Build.0 = Debug|Any CPU
		{B730DB04-16C8-475F-8801-4B7054E3F853}.Release|Any CPU.ActiveCfg = Release|Any CPU
		{B730DB04-16C8-475F-8801-4B7054E3F853}.Release|Any CPU.Build.0 = Release|Any CPU
		{B730DB04-16C8-475F-8801-4B7054E3F853}.Release|x64.ActiveCfg = Release|Any CPU
		{B730DB04-16C8-475F-8801-4B7054E3F853}.Release|x64.Build.0 = Release|Any CPU
		{B730DB04-16C8-475F-8801-4B7054E3F853}.Release|x86.ActiveCfg = Release|Any CPU
		{B730DB04-16C8-475F-8801-4B7054E3F853}.Release|x86.Build.0 = Release|Any CPU
	EndGlobalSection
	GlobalSection(SolutionProperties) = preSolution
		HideSolutionNode = FALSE
	EndGlobalSection
	GlobalSection(ExtensibilityGlobals) = postSolution
		SolutionGuid = {2541B8A0-728D-48A8-A93F-7CFF759C7243}
	EndGlobalSection
EndGlobal
