
Microsoft Visual Studio Solution File, Format Version 12.00
# Visual Studio 15
VisualStudioVersion = 15.0.28010.2019
MinimumVisualStudioVersion = 10.0.40219.1
Project("{FAE04EC0-301F-11D3-BF4B-00C04F79EFBC}") = "WebApplicationDocker", "WebApplicationDocker\WebApplicationDocker.csproj", "{5E90A594-9A0E-4DCE-96C0-E04733FE67BA}"
EndProject
Global
	GlobalSection(SolutionConfigurationPlatforms) = preSolution
		Debug|Any CPU = Debug|Any CPU
		Release|Any CPU = Release|Any CPU
	EndGlobalSection
	GlobalSection(ProjectConfigurationPlatforms) = postSolution
		{5E90A594-9A0E-4DCE-96C0-E04733FE67BA}.Debug|Any CPU.ActiveCfg = Debug|Any CPU
		{5E90A594-9A0E-4DCE-96C0-E04733FE67BA}.Debug|Any CPU.Build.0 = Debug|Any CPU
		{5E90A594-9A0E-4DCE-96C0-E04733FE67BA}.Release|Any CPU.ActiveCfg = Release|Any CPU
		{5E90A594-9A0E-4DCE-96C0-E04733FE67BA}.Release|Any CPU.Build.0 = Release|Any CPU
	EndGlobalSection
	GlobalSection(SolutionProperties) = preSolution
		HideSolutionNode = FALSE
	EndGlobalSection
	GlobalSection(ExtensibilityGlobals) = postSolution
		SolutionGuid = {65BF3E0F-EB16-46F7-898F-5891D9DCD132}
	EndGlobalSection
EndGlobal
